
Microsoft Visual Studio Solution File, Format Version 12.00
# Visual Studio Version 16
VisualStudioVersion = 16.0.29020.237
MinimumVisualStudioVersion = 10.0.40219.1
Project("{FAE04EC0-301F-11D3-BF4B-00C04F79EFBC}") = "wf_usercontrol_test_20190715", "wf_usercontrol_test_20190715.csproj", "{3E771CB8-784E-4F4A-92DF-0ADFD6471976}"
EndProject
Global
	GlobalSection(SolutionConfigurationPlatforms) = preSolution
		Debug|Any CPU = Debug|Any CPU
		Release|Any CPU = Release|Any CPU
	EndGlobalSection
	GlobalSection(ProjectConfigurationPlatforms) = postSolution
		{3E771CB8-784E-4F4A-92DF-0ADFD6471976}.Debug|Any CPU.ActiveCfg = Debug|Any CPU
		{3E771CB8-784E-4F4A-92DF-0ADFD6471976}.Debug|Any CPU.Build.0 = Debug|Any CPU
		{3E771CB8-784E-4F4A-92DF-0ADFD6471976}.Release|Any CPU.ActiveCfg = Release|Any CPU
		{3E771CB8-784E-4F4A-92DF-0ADFD6471976}.Release|Any CPU.Build.0 = Release|Any CPU
	EndGlobalSection
	GlobalSection(SolutionProperties) = preSolution
		HideSolutionNode = FALSE
	EndGlobalSection
	GlobalSection(ExtensibilityGlobals) = postSolution
		SolutionGuid = {F57FD9B0-6EA5-40D2-A56C-D47EFD246C5D}
	EndGlobalSection
EndGlobal
